
Microsoft Visual Studio Solution File, Format Version 12.00
# Visual Studio 14
VisualStudioVersion = 14.0.23107.0
MinimumVisualStudioVersion = 10.0.40219.1
Project("{2150E333-8FDC-42A3-9474-1A3956D46DE8}") = "2017-9-19", "2017-9-19", "{C7C18B9F-AF58-467E-BF07-300947FE0D22}"
EndProject
Project("{FAE04EC0-301F-11D3-BF4B-00C04F79EFBC}") = "FileDemo", "FileDemo\FileDemo.csproj", "{86EFB4F0-E6C5-445C-B189-053DFBF93CD3}"
EndProject
Project("{FAE04EC0-301F-11D3-BF4B-00C04F79EFBC}") = "Homework0919", "Homework0919\Homework0919.csproj", "{54413873-BC3F-494A-B7E8-B587A8940168}"
EndProject
Project("{2150E333-8FDC-42A3-9474-1A3956D46DE8}") = "2017-9-20", "2017-9-20", "{70FE24B4-14EC-4247-8659-69EA41B63FA5}"
EndProject
Project("{FAE04EC0-301F-11D3-BF4B-00C04F79EFBC}") = "XmlDemo", "XmlDemo\XmlDemo.csproj", "{FE5871FA-4B42-4BE9-8CFD-AE0268C3568D}"
EndProject
Project("{2150E333-8FDC-42A3-9474-1A3956D46DE8}") = "2017-9-21", "2017-9-21", "{46BA1E32-95E7-4F48-A0E3-557F19694AC2}"
EndProject
Project("{FAE04EC0-301F-11D3-BF4B-00C04F79EFBC}") = "ReflectionDemo", "ReflectionDemo\ReflectionDemo.csproj", "{68C7780D-BD48-42DA-82ED-37B8C6C94229}"
EndProject
Project("{FAE04EC0-301F-11D3-BF4B-00C04F79EFBC}") = "ThreadDemo", "ThreadDemo\ThreadDemo.csproj", "{CAE7B9DC-301F-4F79-8861-B1BB1D0E85C1}"
EndProject
Project("{FAE04EC0-301F-11D3-BF4B-00C04F79EFBC}") = "ThreadJoinDemo", "ThreadJoinDemo\ThreadJoinDemo.csproj", "{C8257BE0-90A3-4845-98A5-B8CACBB7428A}"
EndProject
Project("{FAE04EC0-301F-11D3-BF4B-00C04F79EFBC}") = "ArticleDemoV4", "ArticleDemoV4\ArticleDemoV4.csproj", "{924CD408-FF30-46F9-B777-20EA0F090B7C}"
EndProject
Project("{2150E333-8FDC-42A3-9474-1A3956D46DE8}") = "2017-9-22", "2017-9-22", "{C7928A22-6450-4BB9-8AD2-41BEA2DCE44C}"
EndProject
Project("{FAE04EC0-301F-11D3-BF4B-00C04F79EFBC}") = "ThreadBuyTickets", "ThreadBuyTickets\ThreadBuyTickets.csproj", "{C6ABC318-0E71-4D81-9429-EB8719569FA2}"
EndProject
Project("{FAE04EC0-301F-11D3-BF4B-00C04F79EFBC}") = "Homework0922", "Homework0922\Homework0922.csproj", "{BC40644C-3513-4174-9C78-63B8949A974A}"
EndProject
Project("{2150E333-8FDC-42A3-9474-1A3956D46DE8}") = "EF_DEMO", "EF_DEMO", "{10AAB112-CA8C-4544-8491-CC89E8A9E9B5}"
EndProject
Project("{FAE04EC0-301F-11D3-BF4B-00C04F79EFBC}") = "Lambda", "Lambda\Lambda.csproj", "{7D5A1A34-3CFE-481B-AF44-3E67B5AECDC9}"
EndProject
Project("{FAE04EC0-301F-11D3-BF4B-00C04F79EFBC}") = "EF_DEMO_FIRST", "EF_DEMO_FIRST\EF_DEMO_FIRST.csproj", "{867AC6C8-097F-4674-91A9-E6D08AD8952F}"
EndProject
Global
	GlobalSection(SolutionConfigurationPlatforms) = preSolution
		Debug|Any CPU = Debug|Any CPU
		Release|Any CPU = Release|Any CPU
	EndGlobalSection
	GlobalSection(ProjectConfigurationPlatforms) = postSolution
		{86EFB4F0-E6C5-445C-B189-053DFBF93CD3}.Debug|Any CPU.ActiveCfg = Debug|Any CPU
		{86EFB4F0-E6C5-445C-B189-053DFBF93CD3}.Debug|Any CPU.Build.0 = Debug|Any CPU
		{86EFB4F0-E6C5-445C-B189-053DFBF93CD3}.Release|Any CPU.ActiveCfg = Release|Any CPU
		{86EFB4F0-E6C5-445C-B189-053DFBF93CD3}.Release|Any CPU.Build.0 = Release|Any CPU
		{54413873-BC3F-494A-B7E8-B587A8940168}.Debug|Any CPU.ActiveCfg = Debug|Any CPU
		{54413873-BC3F-494A-B7E8-B587A8940168}.Debug|Any CPU.Build.0 = Debug|Any CPU
		{54413873-BC3F-494A-B7E8-B587A8940168}.Release|Any CPU.ActiveCfg = Release|Any CPU
		{54413873-BC3F-494A-B7E8-B587A8940168}.Release|Any CPU.Build.0 = Release|Any CPU
		{FE5871FA-4B42-4BE9-8CFD-AE0268C3568D}.Debug|Any CPU.ActiveCfg = Debug|Any CPU
		{FE5871FA-4B42-4BE9-8CFD-AE0268C3568D}.Debug|Any CPU.Build.0 = Debug|Any CPU
		{FE5871FA-4B42-4BE9-8CFD-AE0268C3568D}.Release|Any CPU.ActiveCfg = Release|Any CPU
		{FE5871FA-4B42-4BE9-8CFD-AE0268C3568D}.Release|Any CPU.Build.0 = Release|Any CPU
		{68C7780D-BD48-42DA-82ED-37B8C6C94229}.Debug|Any CPU.ActiveCfg = Debug|Any CPU
		{68C7780D-BD48-42DA-82ED-37B8C6C94229}.Debug|Any CPU.Build.0 = Debug|Any CPU
		{68C7780D-BD48-42DA-82ED-37B8C6C94229}.Release|Any CPU.ActiveCfg = Release|Any CPU
		{68C7780D-BD48-42DA-82ED-37B8C6C94229}.Release|Any CPU.Build.0 = Release|Any CPU
		{CAE7B9DC-301F-4F79-8861-B1BB1D0E85C1}.Debug|Any CPU.ActiveCfg = Debug|Any CPU
		{CAE7B9DC-301F-4F79-8861-B1BB1D0E85C1}.Debug|Any CPU.Build.0 = Debug|Any CPU
		{CAE7B9DC-301F-4F79-8861-B1BB1D0E85C1}.Release|Any CPU.ActiveCfg = Release|Any CPU
		{CAE7B9DC-301F-4F79-8861-B1BB1D0E85C1}.Release|Any CPU.Build.0 = Release|Any CPU
		{C8257BE0-90A3-4845-98A5-B8CACBB7428A}.Debug|Any CPU.ActiveCfg = Debug|Any CPU
		{C8257BE0-90A3-4845-98A5-B8CACBB7428A}.Debug|Any CPU.Build.0 = Debug|Any CPU
		{C8257BE0-90A3-4845-98A5-B8CACBB7428A}.Release|Any CPU.ActiveCfg = Release|Any CPU
		{C8257BE0-90A3-4845-98A5-B8CACBB7428A}.Release|Any CPU.Build.0 = Release|Any CPU
		{924CD408-FF30-46F9-B777-20EA0F090B7C}.Debug|Any CPU.ActiveCfg = Debug|Any CPU
		{924CD408-FF30-46F9-B777-20EA0F090B7C}.Debug|Any CPU.Build.0 = Debug|Any CPU
		{924CD408-FF30-46F9-B777-20EA0F090B7C}.Release|Any CPU.ActiveCfg = Release|Any CPU
		{924CD408-FF30-46F9-B777-20EA0F090B7C}.Release|Any CPU.Build.0 = Release|Any CPU
		{C6ABC318-0E71-4D81-9429-EB8719569FA2}.Debug|Any CPU.ActiveCfg = Debug|Any CPU
		{C6ABC318-0E71-4D81-9429-EB8719569FA2}.Debug|Any CPU.Build.0 = Debug|Any CPU
		{C6ABC318-0E71-4D81-9429-EB8719569FA2}.Release|Any CPU.ActiveCfg = Release|Any CPU
		{C6ABC318-0E71-4D81-9429-EB8719569FA2}.Release|Any CPU.Build.0 = Release|Any CPU
		{BC40644C-3513-4174-9C78-63B8949A974A}.Debug|Any CPU.ActiveCfg = Debug|Any CPU
		{BC40644C-3513-4174-9C78-63B8949A974A}.Debug|Any CPU.Build.0 = Debug|Any CPU
		{BC40644C-3513-4174-9C78-63B8949A974A}.Release|Any CPU.ActiveCfg = Release|Any CPU
		{BC40644C-3513-4174-9C78-63B8949A974A}.Release|Any CPU.Build.0 = Release|Any CPU
		{7D5A1A34-3CFE-481B-AF44-3E67B5AECDC9}.Debug|Any CPU.ActiveCfg = Debug|Any CPU
		{7D5A1A34-3CFE-481B-AF44-3E67B5AECDC9}.Debug|Any CPU.Build.0 = Debug|Any CPU
		{7D5A1A34-3CFE-481B-AF44-3E67B5AECDC9}.Release|Any CPU.ActiveCfg = Release|Any CPU
		{7D5A1A34-3CFE-481B-AF44-3E67B5AECDC9}.Release|Any CPU.Build.0 = Release|Any CPU
		{867AC6C8-097F-4674-91A9-E6D08AD8952F}.Debug|Any CPU.ActiveCfg = Debug|Any CPU
		{867AC6C8-097F-4674-91A9-E6D08AD8952F}.Debug|Any CPU.Build.0 = Debug|Any CPU
		{867AC6C8-097F-4674-91A9-E6D08AD8952F}.Release|Any CPU.ActiveCfg = Release|Any CPU
		{867AC6C8-097F-4674-91A9-E6D08AD8952F}.Release|Any CPU.Build.0 = Release|Any CPU
	EndGlobalSection
	GlobalSection(SolutionProperties) = preSolution
		HideSolutionNode = FALSE
	EndGlobalSection
	GlobalSection(NestedProjects) = preSolution
		{86EFB4F0-E6C5-445C-B189-053DFBF93CD3} = {C7C18B9F-AF58-467E-BF07-300947FE0D22}
		{54413873-BC3F-494A-B7E8-B587A8940168} = {C7C18B9F-AF58-467E-BF07-300947FE0D22}
		{FE5871FA-4B42-4BE9-8CFD-AE0268C3568D} = {70FE24B4-14EC-4247-8659-69EA41B63FA5}
		{68C7780D-BD48-42DA-82ED-37B8C6C94229} = {46BA1E32-95E7-4F48-A0E3-557F19694AC2}
		{CAE7B9DC-301F-4F79-8861-B1BB1D0E85C1} = {46BA1E32-95E7-4F48-A0E3-557F19694AC2}
		{C8257BE0-90A3-4845-98A5-B8CACBB7428A} = {46BA1E32-95E7-4F48-A0E3-557F19694AC2}
		{924CD408-FF30-46F9-B777-20EA0F090B7C} = {C7C18B9F-AF58-467E-BF07-300947FE0D22}
		{C6ABC318-0E71-4D81-9429-EB8719569FA2} = {C7928A22-6450-4BB9-8AD2-41BEA2DCE44C}
		{BC40644C-3513-4174-9C78-63B8949A974A} = {C7928A22-6450-4BB9-8AD2-41BEA2DCE44C}
		{7D5A1A34-3CFE-481B-AF44-3E67B5AECDC9} = {10AAB112-CA8C-4544-8491-CC89E8A9E9B5}
		{867AC6C8-097F-4674-91A9-E6D08AD8952F} = {10AAB112-CA8C-4544-8491-CC89E8A9E9B5}
	EndGlobalSection
EndGlobal
