
Microsoft Visual Studio Solution File, Format Version 12.00
# Visual Studio 14
VisualStudioVersion = 14.0.23107.0
MinimumVisualStudioVersion = 10.0.40219.1
Project("{FAE04EC0-301F-11D3-BF4B-00C04F79EFBC}") = "Homework1025", "Homework1025\Homework1025.csproj", "{8EFB9B75-0680-4751-8C21-B9396A8318FA}"
EndProject
Project("{FAE04EC0-301F-11D3-BF4B-00C04F79EFBC}") = "DAL", "DAL\DAL.csproj", "{6D31B150-C762-4C45-8514-51179EDDFF2B}"
EndProject
Project("{FAE04EC0-301F-11D3-BF4B-00C04F79EFBC}") = "BLL", "BLL\BLL.csproj", "{899A5A42-A882-41FD-9BBE-B6AE7D80EF90}"
EndProject
Project("{FAE04EC0-301F-11D3-BF4B-00C04F79EFBC}") = "Model", "Model\Model.csproj", "{0CAA8958-AB80-43F4-9559-97F91BA520E4}"
EndProject
Global
	GlobalSection(SolutionConfigurationPlatforms) = preSolution
		Debug|Any CPU = Debug|Any CPU
		Release|Any CPU = Release|Any CPU
	EndGlobalSection
	GlobalSection(ProjectConfigurationPlatforms) = postSolution
		{8EFB9B75-0680-4751-8C21-B9396A8318FA}.Debug|Any CPU.ActiveCfg = Debug|Any CPU
		{8EFB9B75-0680-4751-8C21-B9396A8318FA}.Debug|Any CPU.Build.0 = Debug|Any CPU
		{8EFB9B75-0680-4751-8C21-B9396A8318FA}.Release|Any CPU.ActiveCfg = Release|Any CPU
		{8EFB9B75-0680-4751-8C21-B9396A8318FA}.Release|Any CPU.Build.0 = Release|Any CPU
		{6D31B150-C762-4C45-8514-51179EDDFF2B}.Debug|Any CPU.ActiveCfg = Debug|Any CPU
		{6D31B150-C762-4C45-8514-51179EDDFF2B}.Debug|Any CPU.Build.0 = Debug|Any CPU
		{6D31B150-C762-4C45-8514-51179EDDFF2B}.Release|Any CPU.ActiveCfg = Release|Any CPU
		{6D31B150-C762-4C45-8514-51179EDDFF2B}.Release|Any CPU.Build.0 = Release|Any CPU
		{899A5A42-A882-41FD-9BBE-B6AE7D80EF90}.Debug|Any CPU.ActiveCfg = Debug|Any CPU
		{899A5A42-A882-41FD-9BBE-B6AE7D80EF90}.Debug|Any CPU.Build.0 = Debug|Any CPU
		{899A5A42-A882-41FD-9BBE-B6AE7D80EF90}.Release|Any CPU.ActiveCfg = Release|Any CPU
		{899A5A42-A882-41FD-9BBE-B6AE7D80EF90}.Release|Any CPU.Build.0 = Release|Any CPU
		{0CAA8958-AB80-43F4-9559-97F91BA520E4}.Debug|Any CPU.ActiveCfg = Debug|Any CPU
		{0CAA8958-AB80-43F4-9559-97F91BA520E4}.Debug|Any CPU.Build.0 = Debug|Any CPU
		{0CAA8958-AB80-43F4-9559-97F91BA520E4}.Release|Any CPU.ActiveCfg = Release|Any CPU
		{0CAA8958-AB80-43F4-9559-97F91BA520E4}.Release|Any CPU.Build.0 = Release|Any CPU
	EndGlobalSection
	GlobalSection(SolutionProperties) = preSolution
		HideSolutionNode = FALSE
	EndGlobalSection
EndGlobal
