
Microsoft Visual Studio Solution File, Format Version 12.00
# Visual Studio 14
VisualStudioVersion = 14.0.23107.0
MinimumVisualStudioVersion = 10.0.40219.1
Project("{FAE04EC0-301F-11D3-BF4B-00C04F79EFBC}") = "DIP_Demo", "DIP_Demo\DIP_Demo.csproj", "{799E668C-5C4D-4D5D-ADEF-34403D47B8D8}"
EndProject
Project("{FAE04EC0-301F-11D3-BF4B-00C04F79EFBC}") = "DI_Demo", "DI_Demo\DI_Demo.csproj", "{649511DB-C866-4F58-A333-1F0D5AF39E29}"
EndProject
Global
	GlobalSection(SolutionConfigurationPlatforms) = preSolution
		Debug|Any CPU = Debug|Any CPU
		Release|Any CPU = Release|Any CPU
	EndGlobalSection
	GlobalSection(ProjectConfigurationPlatforms) = postSolution
		{799E668C-5C4D-4D5D-ADEF-34403D47B8D8}.Debug|Any CPU.ActiveCfg = Debug|Any CPU
		{799E668C-5C4D-4D5D-ADEF-34403D47B8D8}.Debug|Any CPU.Build.0 = Debug|Any CPU
		{799E668C-5C4D-4D5D-ADEF-34403D47B8D8}.Release|Any CPU.ActiveCfg = Release|Any CPU
		{799E668C-5C4D-4D5D-ADEF-34403D47B8D8}.Release|Any CPU.Build.0 = Release|Any CPU
		{649511DB-C866-4F58-A333-1F0D5AF39E29}.Debug|Any CPU.ActiveCfg = Debug|Any CPU
		{649511DB-C866-4F58-A333-1F0D5AF39E29}.Debug|Any CPU.Build.0 = Debug|Any CPU
		{649511DB-C866-4F58-A333-1F0D5AF39E29}.Release|Any CPU.ActiveCfg = Release|Any CPU
		{649511DB-C866-4F58-A333-1F0D5AF39E29}.Release|Any CPU.Build.0 = Release|Any CPU
	EndGlobalSection
	GlobalSection(SolutionProperties) = preSolution
		HideSolutionNode = FALSE
	EndGlobalSection
EndGlobal
