
Microsoft Visual Studio Solution File, Format Version 12.00
# Visual Studio 14
VisualStudioVersion = 14.0.23107.0
MinimumVisualStudioVersion = 10.0.40219.1
Project("{FAE04EC0-301F-11D3-BF4B-00C04F79EFBC}") = "CoSales.Common", "CoSales.Common\CoSales.Common.csproj", "{182EDFAB-5E45-405F-BBB5-59397C49EE4B}"
EndProject
Project("{FAE04EC0-301F-11D3-BF4B-00C04F79EFBC}") = "CoSales.DAL", "CoSales.DAL\CoSales.DAL.csproj", "{AA73511E-990F-4AF4-B616-C5C7A9460773}"
EndProject
Project("{FAE04EC0-301F-11D3-BF4B-00C04F79EFBC}") = "CoSales.BLL", "CoSales.BLL\CoSales.BLL.csproj", "{47E50E34-3967-45E1-BEB8-5EE59ED15E84}"
EndProject
Project("{FAE04EC0-301F-11D3-BF4B-00C04F79EFBC}") = "CoSales.Model", "CoSales.Model\CoSales.Model.csproj", "{B8361D34-391F-4577-A241-ECA358D668B8}"
EndProject
Project("{FAE04EC0-301F-11D3-BF4B-00C04F79EFBC}") = "CoSales", "CoSales\CoSales.csproj", "{982A5C09-D58E-4D30-91A4-DE6264F6F832}"
EndProject
Project("{FAE04EC0-301F-11D3-BF4B-00C04F79EFBC}") = "CoSales.Tests", "CoSales.Tests\CoSales.Tests.csproj", "{8B62E184-7968-41DC-A3E1-6CE2846A7C07}"
EndProject
Global
	GlobalSection(SolutionConfigurationPlatforms) = preSolution
		Debug|Any CPU = Debug|Any CPU
		Release|Any CPU = Release|Any CPU
	EndGlobalSection
	GlobalSection(ProjectConfigurationPlatforms) = postSolution
		{182EDFAB-5E45-405F-BBB5-59397C49EE4B}.Debug|Any CPU.ActiveCfg = Debug|Any CPU
		{182EDFAB-5E45-405F-BBB5-59397C49EE4B}.Debug|Any CPU.Build.0 = Debug|Any CPU
		{182EDFAB-5E45-405F-BBB5-59397C49EE4B}.Release|Any CPU.ActiveCfg = Release|Any CPU
		{182EDFAB-5E45-405F-BBB5-59397C49EE4B}.Release|Any CPU.Build.0 = Release|Any CPU
		{AA73511E-990F-4AF4-B616-C5C7A9460773}.Debug|Any CPU.ActiveCfg = Debug|Any CPU
		{AA73511E-990F-4AF4-B616-C5C7A9460773}.Debug|Any CPU.Build.0 = Debug|Any CPU
		{AA73511E-990F-4AF4-B616-C5C7A9460773}.Release|Any CPU.ActiveCfg = Release|Any CPU
		{AA73511E-990F-4AF4-B616-C5C7A9460773}.Release|Any CPU.Build.0 = Release|Any CPU
		{47E50E34-3967-45E1-BEB8-5EE59ED15E84}.Debug|Any CPU.ActiveCfg = Debug|Any CPU
		{47E50E34-3967-45E1-BEB8-5EE59ED15E84}.Debug|Any CPU.Build.0 = Debug|Any CPU
		{47E50E34-3967-45E1-BEB8-5EE59ED15E84}.Release|Any CPU.ActiveCfg = Release|Any CPU
		{47E50E34-3967-45E1-BEB8-5EE59ED15E84}.Release|Any CPU.Build.0 = Release|Any CPU
		{B8361D34-391F-4577-A241-ECA358D668B8}.Debug|Any CPU.ActiveCfg = Debug|Any CPU
		{B8361D34-391F-4577-A241-ECA358D668B8}.Debug|Any CPU.Build.0 = Debug|Any CPU
		{B8361D34-391F-4577-A241-ECA358D668B8}.Release|Any CPU.ActiveCfg = Release|Any CPU
		{B8361D34-391F-4577-A241-ECA358D668B8}.Release|Any CPU.Build.0 = Release|Any CPU
		{982A5C09-D58E-4D30-91A4-DE6264F6F832}.Debug|Any CPU.ActiveCfg = Debug|Any CPU
		{982A5C09-D58E-4D30-91A4-DE6264F6F832}.Debug|Any CPU.Build.0 = Debug|Any CPU
		{982A5C09-D58E-4D30-91A4-DE6264F6F832}.Release|Any CPU.ActiveCfg = Release|Any CPU
		{982A5C09-D58E-4D30-91A4-DE6264F6F832}.Release|Any CPU.Build.0 = Release|Any CPU
		{8B62E184-7968-41DC-A3E1-6CE2846A7C07}.Debug|Any CPU.ActiveCfg = Debug|Any CPU
		{8B62E184-7968-41DC-A3E1-6CE2846A7C07}.Debug|Any CPU.Build.0 = Debug|Any CPU
		{8B62E184-7968-41DC-A3E1-6CE2846A7C07}.Release|Any CPU.ActiveCfg = Release|Any CPU
		{8B62E184-7968-41DC-A3E1-6CE2846A7C07}.Release|Any CPU.Build.0 = Release|Any CPU
	EndGlobalSection
	GlobalSection(SolutionProperties) = preSolution
		HideSolutionNode = FALSE
	EndGlobalSection
EndGlobal
