
Microsoft Visual Studio Solution File, Format Version 12.00
# Visual Studio 14
VisualStudioVersion = 14.0.23107.0
MinimumVisualStudioVersion = 10.0.40219.1
Project("{FAE04EC0-301F-11D3-BF4B-00C04F79EFBC}") = "FirstDemo", "FirstDemo\FirstDemo.csproj", "{CBFA1F07-A7DF-4275-8DB3-E12059EF8F0F}"
EndProject
Project("{FAE04EC0-301F-11D3-BF4B-00C04F79EFBC}") = "EnumDemo", "EnumDemo\EnumDemo.csproj", "{80181AD5-5BDF-4CA9-9975-9574EAE69B3B}"
EndProject
Project("{2150E333-8FDC-42A3-9474-1A3956D46DE8}") = "2017-9-12", "2017-9-12", "{B36D2425-484E-4DA3-AAFC-C9A3B1BB1313}"
EndProject
Project("{FAE04EC0-301F-11D3-BF4B-00C04F79EFBC}") = "Homework0912", "Homework0912\Homework0912.csproj", "{414E8F46-1F75-4422-819B-D1473AE838FB}"
EndProject
Project("{2150E333-8FDC-42A3-9474-1A3956D46DE8}") = "2017-9-13", "2017-9-13", "{9C51771D-5315-45A9-BE19-814C67B0786E}"
EndProject
Project("{FAE04EC0-301F-11D3-BF4B-00C04F79EFBC}") = "ArrayDemo", "ArrayDemo\ArrayDemo.csproj", "{CC4158C7-3680-41CF-89D7-FFB56E5389B1}"
EndProject
Project("{FAE04EC0-301F-11D3-BF4B-00C04F79EFBC}") = "FuncDemo", "FuncDemo\FuncDemo.csproj", "{5DDF578F-3E6C-4ABE-B91D-649CFADD9F7F}"
EndProject
Project("{FAE04EC0-301F-11D3-BF4B-00C04F79EFBC}") = "ArticleDemoV1", "ArticleDemoV1\ArticleDemoV1.csproj", "{E758F673-5A94-4336-B68A-18B4E241BA83}"
EndProject
Project("{FAE04EC0-301F-11D3-BF4B-00C04F79EFBC}") = "Homework0913", "Homework0913\Homework0913.csproj", "{4F157AA4-AD98-4D15-86BE-8D6A48043206}"
EndProject
Project("{2150E333-8FDC-42A3-9474-1A3956D46DE8}") = "2017-9-14", "2017-9-14", "{501A603D-3ED8-4FAE-B124-3C7610FEFF25}"
EndProject
Project("{FAE04EC0-301F-11D3-BF4B-00C04F79EFBC}") = "ListDemo", "ListDemo\ListDemo.csproj", "{26249E17-1AD2-4B42-A4E1-55D6CE4CE21B}"
EndProject
Project("{FAE04EC0-301F-11D3-BF4B-00C04F79EFBC}") = "BoxingDemo", "BoxingDemo\BoxingDemo.csproj", "{2CA40919-4CE1-400B-997A-5D87A06A24E1}"
EndProject
Project("{FAE04EC0-301F-11D3-BF4B-00C04F79EFBC}") = "DelegateDemo", "DelegateDemo\DelegateDemo.csproj", "{8C3C5832-9CDC-4CA4-B894-D0B1A7287A8A}"
EndProject
Project("{FAE04EC0-301F-11D3-BF4B-00C04F79EFBC}") = "ArticleDemoV2", "ArticleDemoV2\ArticleDemoV2.csproj", "{CF38B35B-FBC8-45EE-B8EE-5FFDF2CBB8A3}"
EndProject
Project("{FAE04EC0-301F-11D3-BF4B-00C04F79EFBC}") = "Homework0914", "Homework0914\Homework0914.csproj", "{A6D51470-B78E-414B-98A3-06A662EA7B7D}"
EndProject
Project("{2150E333-8FDC-42A3-9474-1A3956D46DE8}") = "2017-9-15", "2017-9-15", "{68AE7319-5F79-45D0-96F3-B9E9B859E75B}"
EndProject
Project("{FAE04EC0-301F-11D3-BF4B-00C04F79EFBC}") = "CheckHomework0915", "CheckHomework0915\CheckHomework0915.csproj", "{50F81EE2-9B06-405D-9C54-4F283A48EA71}"
EndProject
Project("{FAE04EC0-301F-11D3-BF4B-00C04F79EFBC}") = "OOPDemo", "OOPDemo\OOPDemo.csproj", "{EC4F7761-F94C-4DAE-8A19-316EF6891856}"
EndProject
Project("{FAE04EC0-301F-11D3-BF4B-00C04F79EFBC}") = "ArticleDemoV3", "ArticleDemoV3\ArticleDemoV3.csproj", "{3D8D85BD-D69A-4516-AD5B-DEE825BE9CFA}"
EndProject
Project("{FAE04EC0-301F-11D3-BF4B-00C04F79EFBC}") = "Homework0915", "Homework0915\Homework0915.csproj", "{3AF1B3FD-09C3-4346-875D-9B46B468F407}"
EndProject
Project("{2150E333-8FDC-42A3-9474-1A3956D46DE8}") = "2017-9-18", "2017-9-18", "{DAA08EA8-4FC7-4B74-AAAA-D7440116EFE5}"
EndProject
Project("{FAE04EC0-301F-11D3-BF4B-00C04F79EFBC}") = "InheritDemo", "InheritDemo\InheritDemo.csproj", "{E47D4B99-FA42-491E-9005-EF32A4ED93A2}"
EndProject
Project("{FAE04EC0-301F-11D3-BF4B-00C04F79EFBC}") = "Homework0918", "Homework0918\Homework0918.csproj", "{96710E9E-FDE1-46D6-A04C-19E9829A5530}"
EndProject
Global
	GlobalSection(SolutionConfigurationPlatforms) = preSolution
		Debug|Any CPU = Debug|Any CPU
		Release|Any CPU = Release|Any CPU
	EndGlobalSection
	GlobalSection(ProjectConfigurationPlatforms) = postSolution
		{CBFA1F07-A7DF-4275-8DB3-E12059EF8F0F}.Debug|Any CPU.ActiveCfg = Debug|Any CPU
		{CBFA1F07-A7DF-4275-8DB3-E12059EF8F0F}.Debug|Any CPU.Build.0 = Debug|Any CPU
		{CBFA1F07-A7DF-4275-8DB3-E12059EF8F0F}.Release|Any CPU.ActiveCfg = Release|Any CPU
		{CBFA1F07-A7DF-4275-8DB3-E12059EF8F0F}.Release|Any CPU.Build.0 = Release|Any CPU
		{80181AD5-5BDF-4CA9-9975-9574EAE69B3B}.Debug|Any CPU.ActiveCfg = Debug|Any CPU
		{80181AD5-5BDF-4CA9-9975-9574EAE69B3B}.Debug|Any CPU.Build.0 = Debug|Any CPU
		{80181AD5-5BDF-4CA9-9975-9574EAE69B3B}.Release|Any CPU.ActiveCfg = Release|Any CPU
		{80181AD5-5BDF-4CA9-9975-9574EAE69B3B}.Release|Any CPU.Build.0 = Release|Any CPU
		{414E8F46-1F75-4422-819B-D1473AE838FB}.Debug|Any CPU.ActiveCfg = Debug|Any CPU
		{414E8F46-1F75-4422-819B-D1473AE838FB}.Debug|Any CPU.Build.0 = Debug|Any CPU
		{414E8F46-1F75-4422-819B-D1473AE838FB}.Release|Any CPU.ActiveCfg = Release|Any CPU
		{414E8F46-1F75-4422-819B-D1473AE838FB}.Release|Any CPU.Build.0 = Release|Any CPU
		{CC4158C7-3680-41CF-89D7-FFB56E5389B1}.Debug|Any CPU.ActiveCfg = Debug|Any CPU
		{CC4158C7-3680-41CF-89D7-FFB56E5389B1}.Debug|Any CPU.Build.0 = Debug|Any CPU
		{CC4158C7-3680-41CF-89D7-FFB56E5389B1}.Release|Any CPU.ActiveCfg = Release|Any CPU
		{CC4158C7-3680-41CF-89D7-FFB56E5389B1}.Release|Any CPU.Build.0 = Release|Any CPU
		{5DDF578F-3E6C-4ABE-B91D-649CFADD9F7F}.Debug|Any CPU.ActiveCfg = Debug|Any CPU
		{5DDF578F-3E6C-4ABE-B91D-649CFADD9F7F}.Debug|Any CPU.Build.0 = Debug|Any CPU
		{5DDF578F-3E6C-4ABE-B91D-649CFADD9F7F}.Release|Any CPU.ActiveCfg = Release|Any CPU
		{5DDF578F-3E6C-4ABE-B91D-649CFADD9F7F}.Release|Any CPU.Build.0 = Release|Any CPU
		{E758F673-5A94-4336-B68A-18B4E241BA83}.Debug|Any CPU.ActiveCfg = Debug|Any CPU
		{E758F673-5A94-4336-B68A-18B4E241BA83}.Debug|Any CPU.Build.0 = Debug|Any CPU
		{E758F673-5A94-4336-B68A-18B4E241BA83}.Release|Any CPU.ActiveCfg = Release|Any CPU
		{E758F673-5A94-4336-B68A-18B4E241BA83}.Release|Any CPU.Build.0 = Release|Any CPU
		{4F157AA4-AD98-4D15-86BE-8D6A48043206}.Debug|Any CPU.ActiveCfg = Debug|Any CPU
		{4F157AA4-AD98-4D15-86BE-8D6A48043206}.Debug|Any CPU.Build.0 = Debug|Any CPU
		{4F157AA4-AD98-4D15-86BE-8D6A48043206}.Release|Any CPU.ActiveCfg = Release|Any CPU
		{4F157AA4-AD98-4D15-86BE-8D6A48043206}.Release|Any CPU.Build.0 = Release|Any CPU
		{26249E17-1AD2-4B42-A4E1-55D6CE4CE21B}.Debug|Any CPU.ActiveCfg = Debug|Any CPU
		{26249E17-1AD2-4B42-A4E1-55D6CE4CE21B}.Debug|Any CPU.Build.0 = Debug|Any CPU
		{26249E17-1AD2-4B42-A4E1-55D6CE4CE21B}.Release|Any CPU.ActiveCfg = Release|Any CPU
		{26249E17-1AD2-4B42-A4E1-55D6CE4CE21B}.Release|Any CPU.Build.0 = Release|Any CPU
		{2CA40919-4CE1-400B-997A-5D87A06A24E1}.Debug|Any CPU.ActiveCfg = Debug|Any CPU
		{2CA40919-4CE1-400B-997A-5D87A06A24E1}.Debug|Any CPU.Build.0 = Debug|Any CPU
		{2CA40919-4CE1-400B-997A-5D87A06A24E1}.Release|Any CPU.ActiveCfg = Release|Any CPU
		{2CA40919-4CE1-400B-997A-5D87A06A24E1}.Release|Any CPU.Build.0 = Release|Any CPU
		{8C3C5832-9CDC-4CA4-B894-D0B1A7287A8A}.Debug|Any CPU.ActiveCfg = Debug|Any CPU
		{8C3C5832-9CDC-4CA4-B894-D0B1A7287A8A}.Debug|Any CPU.Build.0 = Debug|Any CPU
		{8C3C5832-9CDC-4CA4-B894-D0B1A7287A8A}.Release|Any CPU.ActiveCfg = Release|Any CPU
		{8C3C5832-9CDC-4CA4-B894-D0B1A7287A8A}.Release|Any CPU.Build.0 = Release|Any CPU
		{CF38B35B-FBC8-45EE-B8EE-5FFDF2CBB8A3}.Debug|Any CPU.ActiveCfg = Debug|Any CPU
		{CF38B35B-FBC8-45EE-B8EE-5FFDF2CBB8A3}.Debug|Any CPU.Build.0 = Debug|Any CPU
		{CF38B35B-FBC8-45EE-B8EE-5FFDF2CBB8A3}.Release|Any CPU.ActiveCfg = Release|Any CPU
		{CF38B35B-FBC8-45EE-B8EE-5FFDF2CBB8A3}.Release|Any CPU.Build.0 = Release|Any CPU
		{A6D51470-B78E-414B-98A3-06A662EA7B7D}.Debug|Any CPU.ActiveCfg = Debug|Any CPU
		{A6D51470-B78E-414B-98A3-06A662EA7B7D}.Debug|Any CPU.Build.0 = Debug|Any CPU
		{A6D51470-B78E-414B-98A3-06A662EA7B7D}.Release|Any CPU.ActiveCfg = Release|Any CPU
		{A6D51470-B78E-414B-98A3-06A662EA7B7D}.Release|Any CPU.Build.0 = Release|Any CPU
		{50F81EE2-9B06-405D-9C54-4F283A48EA71}.Debug|Any CPU.ActiveCfg = Debug|Any CPU
		{50F81EE2-9B06-405D-9C54-4F283A48EA71}.Debug|Any CPU.Build.0 = Debug|Any CPU
		{50F81EE2-9B06-405D-9C54-4F283A48EA71}.Release|Any CPU.ActiveCfg = Release|Any CPU
		{50F81EE2-9B06-405D-9C54-4F283A48EA71}.Release|Any CPU.Build.0 = Release|Any CPU
		{EC4F7761-F94C-4DAE-8A19-316EF6891856}.Debug|Any CPU.ActiveCfg = Debug|Any CPU
		{EC4F7761-F94C-4DAE-8A19-316EF6891856}.Debug|Any CPU.Build.0 = Debug|Any CPU
		{EC4F7761-F94C-4DAE-8A19-316EF6891856}.Release|Any CPU.ActiveCfg = Release|Any CPU
		{EC4F7761-F94C-4DAE-8A19-316EF6891856}.Release|Any CPU.Build.0 = Release|Any CPU
		{3D8D85BD-D69A-4516-AD5B-DEE825BE9CFA}.Debug|Any CPU.ActiveCfg = Debug|Any CPU
		{3D8D85BD-D69A-4516-AD5B-DEE825BE9CFA}.Debug|Any CPU.Build.0 = Debug|Any CPU
		{3D8D85BD-D69A-4516-AD5B-DEE825BE9CFA}.Release|Any CPU.ActiveCfg = Release|Any CPU
		{3D8D85BD-D69A-4516-AD5B-DEE825BE9CFA}.Release|Any CPU.Build.0 = Release|Any CPU
		{3AF1B3FD-09C3-4346-875D-9B46B468F407}.Debug|Any CPU.ActiveCfg = Debug|Any CPU
		{3AF1B3FD-09C3-4346-875D-9B46B468F407}.Debug|Any CPU.Build.0 = Debug|Any CPU
		{3AF1B3FD-09C3-4346-875D-9B46B468F407}.Release|Any CPU.ActiveCfg = Release|Any CPU
		{3AF1B3FD-09C3-4346-875D-9B46B468F407}.Release|Any CPU.Build.0 = Release|Any CPU
		{E47D4B99-FA42-491E-9005-EF32A4ED93A2}.Debug|Any CPU.ActiveCfg = Debug|Any CPU
		{E47D4B99-FA42-491E-9005-EF32A4ED93A2}.Debug|Any CPU.Build.0 = Debug|Any CPU
		{E47D4B99-FA42-491E-9005-EF32A4ED93A2}.Release|Any CPU.ActiveCfg = Release|Any CPU
		{E47D4B99-FA42-491E-9005-EF32A4ED93A2}.Release|Any CPU.Build.0 = Release|Any CPU
		{96710E9E-FDE1-46D6-A04C-19E9829A5530}.Debug|Any CPU.ActiveCfg = Debug|Any CPU
		{96710E9E-FDE1-46D6-A04C-19E9829A5530}.Debug|Any CPU.Build.0 = Debug|Any CPU
		{96710E9E-FDE1-46D6-A04C-19E9829A5530}.Release|Any CPU.ActiveCfg = Release|Any CPU
		{96710E9E-FDE1-46D6-A04C-19E9829A5530}.Release|Any CPU.Build.0 = Release|Any CPU
	EndGlobalSection
	GlobalSection(SolutionProperties) = preSolution
		HideSolutionNode = FALSE
	EndGlobalSection
	GlobalSection(NestedProjects) = preSolution
		{CBFA1F07-A7DF-4275-8DB3-E12059EF8F0F} = {B36D2425-484E-4DA3-AAFC-C9A3B1BB1313}
		{80181AD5-5BDF-4CA9-9975-9574EAE69B3B} = {B36D2425-484E-4DA3-AAFC-C9A3B1BB1313}
		{414E8F46-1F75-4422-819B-D1473AE838FB} = {B36D2425-484E-4DA3-AAFC-C9A3B1BB1313}
		{CC4158C7-3680-41CF-89D7-FFB56E5389B1} = {9C51771D-5315-45A9-BE19-814C67B0786E}
		{5DDF578F-3E6C-4ABE-B91D-649CFADD9F7F} = {9C51771D-5315-45A9-BE19-814C67B0786E}
		{E758F673-5A94-4336-B68A-18B4E241BA83} = {9C51771D-5315-45A9-BE19-814C67B0786E}
		{4F157AA4-AD98-4D15-86BE-8D6A48043206} = {9C51771D-5315-45A9-BE19-814C67B0786E}
		{26249E17-1AD2-4B42-A4E1-55D6CE4CE21B} = {501A603D-3ED8-4FAE-B124-3C7610FEFF25}
		{2CA40919-4CE1-400B-997A-5D87A06A24E1} = {501A603D-3ED8-4FAE-B124-3C7610FEFF25}
		{8C3C5832-9CDC-4CA4-B894-D0B1A7287A8A} = {501A603D-3ED8-4FAE-B124-3C7610FEFF25}
		{CF38B35B-FBC8-45EE-B8EE-5FFDF2CBB8A3} = {501A603D-3ED8-4FAE-B124-3C7610FEFF25}
		{A6D51470-B78E-414B-98A3-06A662EA7B7D} = {501A603D-3ED8-4FAE-B124-3C7610FEFF25}
		{50F81EE2-9B06-405D-9C54-4F283A48EA71} = {68AE7319-5F79-45D0-96F3-B9E9B859E75B}
		{EC4F7761-F94C-4DAE-8A19-316EF6891856} = {68AE7319-5F79-45D0-96F3-B9E9B859E75B}
		{3D8D85BD-D69A-4516-AD5B-DEE825BE9CFA} = {68AE7319-5F79-45D0-96F3-B9E9B859E75B}
		{3AF1B3FD-09C3-4346-875D-9B46B468F407} = {68AE7319-5F79-45D0-96F3-B9E9B859E75B}
		{E47D4B99-FA42-491E-9005-EF32A4ED93A2} = {DAA08EA8-4FC7-4B74-AAAA-D7440116EFE5}
		{96710E9E-FDE1-46D6-A04C-19E9829A5530} = {DAA08EA8-4FC7-4B74-AAAA-D7440116EFE5}
	EndGlobalSection
EndGlobal
